
Microsoft Visual Studio Solution File, Format Version 12.00
# Visual Studio Version 17
VisualStudioVersion = 17.14.36212.18 d17.14
MinimumVisualStudioVersion = 10.0.40219.1
Project("{FAE04EC0-301F-11D3-BF4B-00C04F79EFBC}") = "WebApplication1", "WebApplication1\WebApplication1.csproj", "{26626060-A832-4A93-82F5-E4FCDF2952D9}"
EndProject
Global
	GlobalSection(SolutionConfigurationPlatforms) = preSolution
		Debug|Any CPU = Debug|Any CPU
		Release|Any CPU = Release|Any CPU
	EndGlobalSection
	GlobalSection(ProjectConfigurationPlatforms) = postSolution
		{26626060-A832-4A93-82F5-E4FCDF2952D9}.Debug|Any CPU.ActiveCfg = Debug|Any CPU
		{26626060-A832-4A93-82F5-E4FCDF2952D9}.Debug|Any CPU.Build.0 = Debug|Any CPU
		{26626060-A832-4A93-82F5-E4FCDF2952D9}.Release|Any CPU.ActiveCfg = Release|Any CPU
		{26626060-A832-4A93-82F5-E4FCDF2952D9}.Release|Any CPU.Build.0 = Release|Any CPU
	EndGlobalSection
	GlobalSection(SolutionProperties) = preSolution
		HideSolutionNode = FALSE
	EndGlobalSection
	GlobalSection(ExtensibilityGlobals) = postSolution
		SolutionGuid = {676D1DBB-ACE3-44FC-A967-E94079F68E31}
	EndGlobalSection
EndGlobal
